{
  "name": "e2m-gui",
  "version": "0.7.0",
  "lockfileVersion": 1,
  "requires": true,
  "dependencies": {
    "@babel/runtime": {
      "version": "7.7.6",
      "resolved": "https://registry.npmjs.org/@babel/runtime/-/runtime-7.7.6.tgz",
      "integrity": "sha512-BWAJxpNVa0QlE5gZdWjSxXtemZyZ9RmrmVozxt3NUXeZhVIJ5ANyqmMc0JDrivBZyxUuQvFxlvH4OWWOogGfUw==",
      "requires": {
        "regenerator-runtime": "^0.13.2"
      }
    },
    "@babel/runtime-corejs2": {
      "version": "7.7.6",
      "resolved": "https://registry.npmjs.org/@babel/runtime-corejs2/-/runtime-corejs2-7.7.6.tgz",
      "integrity": "sha512-QYp/8xdH8iMin3pH5gtT/rUuttVfIcOhWBC3wh9Eh/qs4jEe39+3DpCDLgWXhMQgiCTOH8mrLSvQ0OHOCcox9g==",
      "requires": {
        "core-js": "^2.6.5",
        "regenerator-runtime": "^0.13.2"
      },
      "dependencies": {
        "core-js": {
          "version": "2.6.11",
          "resolved": "https://registry.npmjs.org/core-js/-/core-js-2.6.11.tgz",
          "integrity": "sha512-5wjnpaT/3dV+XB4borEsnAYQchn00XSgTAWKDkEqv+K8KevjbzmofK6hfJ9TZIlpj2N0xQpazy7PiRQiWHqzWg=="
        }
      }
    },
    "@date-io/core": {
      "version": "1.3.13",
      "resolved": "https://registry.npmjs.org/@date-io/core/-/core-1.3.13.tgz",
      "integrity": "sha512-AlEKV7TxjeK+jxWVKcCFrfYAk8spX9aCyiToFIiLPtfQbsjmRGLIhb5VZgptQcJdHtLXo7+m0DuurwFgUToQuA=="
    },
    "@date-io/date-fns": {
      "version": "1.3.13",
      "resolved": "https://registry.npmjs.org/@date-io/date-fns/-/date-fns-1.3.13.tgz",
      "integrity": "sha512-yXxGzcRUPcogiMj58wVgFjc9qUYrCnnU9eLcyNbsQCmae4jPuZCDoIBR21j8ZURsM7GRtU62VOw5yNd4dDHunA==",
      "requires": {
        "@date-io/core": "^1.3.13"
      }
    },
    "@emotion/hash": {
      "version": "0.7.3",
      "resolved": "https://registry.npmjs.org/@emotion/hash/-/hash-0.7.3.tgz",
      "integrity": "sha512-14ZVlsB9akwvydAdaEnVnvqu6J2P6ySv39hYyl/aoB6w/V+bXX0tay8cF6paqbgZsN2n5Xh15uF4pE+GvE+itw=="
    },
    "@material-ui/core": {
      "version": "4.6.1",
      "resolved": "https://registry.npmjs.org/@material-ui/core/-/core-4.6.1.tgz",
      "integrity": "sha512-TljDMCJmi1zh7JhAFTp8qjIlbkVACiNftrcitzJJ+hAqpuP9PTO4euEkkAuYjISfUFZl3Z4kaOrBwN1HDrhIOQ==",
      "requires": {
        "@babel/runtime": "^7.4.4",
        "@material-ui/styles": "^4.6.0",
        "@material-ui/system": "^4.5.2",
        "@material-ui/types": "^4.1.1",
        "@material-ui/utils": "^4.5.2",
        "@types/react-transition-group": "^4.2.0",
        "clsx": "^1.0.2",
        "convert-css-length": "^2.0.1",
        "hoist-non-react-statics": "^3.2.1",
        "normalize-scroll-left": "^0.2.0",
        "popper.js": "^1.14.1",
        "prop-types": "^15.7.2",
        "react-transition-group": "^4.3.0"
      }
    },
    "@material-ui/styles": {
      "version": "4.7.1",
      "resolved": "https://registry.npmjs.org/@material-ui/styles/-/styles-4.7.1.tgz",
      "integrity": "sha512-BBfxVThaPrglqHmKtSdrZJxnbFGJqKdZ5ZvDarj3HsmkteGCXsP1ohrDi5TWoa5JEJFo9S6q6NywqsENZn9rZA==",
      "requires": {
        "@babel/runtime": "^7.4.4",
        "@emotion/hash": "^0.7.1",
        "@material-ui/types": "^4.1.1",
        "@material-ui/utils": "^4.7.1",
        "clsx": "^1.0.2",
        "csstype": "^2.5.2",
        "hoist-non-react-statics": "^3.2.1",
        "jss": "^10.0.0",
        "jss-plugin-camel-case": "^10.0.0",
        "jss-plugin-default-unit": "^10.0.0",
        "jss-plugin-global": "^10.0.0",
        "jss-plugin-nested": "^10.0.0",
        "jss-plugin-props-sort": "^10.0.0",
        "jss-plugin-rule-value-function": "^10.0.0",
        "jss-plugin-vendor-prefixer": "^10.0.0",
        "prop-types": "^15.7.2"
      }
    },
    "@material-ui/system": {
      "version": "4.7.1",
      "resolved": "https://registry.npmjs.org/@material-ui/system/-/system-4.7.1.tgz",
      "integrity": "sha512-zH02p+FOimXLSKOW/OT2laYkl9bB3dD1AvnZqsHYoseUaq0aVrpbl2BGjQi+vJ5lg8w73uYlt9zOWzb3+1UdMQ==",
      "requires": {
        "@babel/runtime": "^7.4.4",
        "@material-ui/utils": "^4.7.1",
        "prop-types": "^15.7.2"
      }
    },
    "@material-ui/types": {
      "version": "4.1.1",
      "resolved": "https://registry.npmjs.org/@material-ui/types/-/types-4.1.1.tgz",
      "integrity": "sha512-AN+GZNXytX9yxGi0JOfxHrRTbhFybjUJ05rnsBVjcB+16e466Z0Xe5IxawuOayVZgTBNDxmPKo5j4V6OnMtaSQ==",
      "requires": {
        "@types/react": "*"
      }
    },
    "@material-ui/utils": {
      "version": "4.7.1",
      "resolved": "https://registry.npmjs.org/@material-ui/utils/-/utils-4.7.1.tgz",
      "integrity": "sha512-+ux0SlLdlehvzCk2zdQ3KiS3/ylWvuo/JwAGhvb8dFVvwR21K28z0PU9OQW2PGogrMEdvX3miEI5tGxTwwWiwQ==",
      "requires": {
        "@babel/runtime": "^7.4.4",
        "prop-types": "^15.7.2",
        "react-is": "^16.8.0"
      }
    },
    "@types/jss": {
      "version": "9.5.8",
      "resolved": "https://registry.npmjs.org/@types/jss/-/jss-9.5.8.tgz",
      "integrity": "sha512-bBbHvjhm42UKki+wZpR89j73ykSXg99/bhuKuYYePtpma3ZAnmeGnl0WxXiZhPGsIfzKwCUkpPC0jlrVMBfRxA==",
      "requires": {
        "csstype": "^2.0.0",
        "indefinite-observable": "^1.0.1"
      }
    },
    "@types/prop-types": {
      "version": "15.7.3",
      "resolved": "https://registry.npmjs.org/@types/prop-types/-/prop-types-15.7.3.tgz",
      "integrity": "sha512-KfRL3PuHmqQLOG+2tGpRO26Ctg+Cq1E01D2DMriKEATHgWLfeNDmq9e29Q9WIky0dQ3NPkd1mzYH8Lm936Z9qw=="
    },
    "@types/react": {
      "version": "16.9.16",
      "resolved": "https://registry.npmjs.org/@types/react/-/react-16.9.16.tgz",
      "integrity": "sha512-dQ3wlehuBbYlfvRXfF5G+5TbZF3xqgkikK7DWAsQXe2KnzV+kjD4W2ea+ThCrKASZn9h98bjjPzoTYzfRqyBkw==",
      "requires": {
        "@types/prop-types": "*",
        "csstype": "^2.2.0"
      }
    },
    "@types/react-text-mask": {
      "version": "5.4.6",
      "resolved": "https://registry.npmjs.org/@types/react-text-mask/-/react-text-mask-5.4.6.tgz",
      "integrity": "sha512-0KkER9oXZY/v1x8aoMTHwANlWnKT5tnmV7Zz+g81gBvcHRtcIHotcpY4KgWRwx0T5JMcsYmEh7wGOz0lwdONew==",
      "requires": {
        "@types/react": "*"
      }
    },
    "@types/react-transition-group": {
      "version": "4.2.3",
      "resolved": "https://registry.npmjs.org/@types/react-transition-group/-/react-transition-group-4.2.3.tgz",
      "integrity": "sha512-Hk8jiuT7iLOHrcjKP/ZVSyCNXK73wJAUz60xm0mVhiRujrdiI++j4duLiL282VGxwAgxetHQFfqA29LgEeSkFA==",
      "requires": {
        "@types/react": "*"
      }
    },
    "asap": {
      "version": "2.0.6",
      "resolved": "https://registry.npmjs.org/asap/-/asap-2.0.6.tgz",
      "integrity": "sha1-5QNHYR1+aQlDIIu9r+vLwvuGbUY="
    },
    "brcast": {
      "version": "3.0.1",
      "resolved": "https://registry.npmjs.org/brcast/-/brcast-3.0.1.tgz",
      "integrity": "sha512-eI3yqf9YEqyGl9PCNTR46MGvDylGtaHjalcz6Q3fAPnP/PhpKkkve52vFdfGpwp4VUvK6LUr4TQN+2stCrEwTg=="
    },
    "change-emitter": {
      "version": "0.1.6",
      "resolved": "https://registry.npmjs.org/change-emitter/-/change-emitter-0.1.6.tgz",
      "integrity": "sha1-6LL+PX8at9aaMhma/5HqaTFAlRU="
    },
    "classnames": {
      "version": "2.2.6",
      "resolved": "https://registry.npmjs.org/classnames/-/classnames-2.2.6.tgz",
      "integrity": "sha512-JR/iSQOSt+LQIWwrwEzJ9uk0xfN3mTVYMwt1Ir5mUcSN6pU+V4zQFFaJsclJbPuAUQH+yfWef6tm7l1quW3C8Q=="
    },
    "clsx": {
      "version": "1.0.4",
      "resolved": "https://registry.npmjs.org/clsx/-/clsx-1.0.4.tgz",
      "integrity": "sha512-1mQ557MIZTrL/140j+JVdRM6e31/OA4vTYxXgqIIZlndyfjHpyawKZia1Im05Vp9BWmImkcNrNtFYQMyFcgJDg=="
    },
    "convert-css-length": {
      "version": "2.0.1",
      "resolved": "https://registry.npmjs.org/convert-css-length/-/convert-css-length-2.0.1.tgz",
      "integrity": "sha512-iGpbcvhLPRKUbBc0Quxx7w/bV14AC3ItuBEGMahA5WTYqB8lq9jH0kTXFheCBASsYnqeMFZhiTruNxr1N59Axg=="
    },
    "copy-to-clipboard": {
      "version": "3.2.0",
      "resolved": "https://registry.npmjs.org/copy-to-clipboard/-/copy-to-clipboard-3.2.0.tgz",
      "integrity": "sha512-eOZERzvCmxS8HWzugj4Uxl8OJxa7T2k1Gi0X5qavwydHIfuSHq2dTD09LOg/XyGq4Zpb5IsR/2OJ5lbOegz78w==",
      "requires": {
        "toggle-selection": "^1.0.6"
      }
    },
    "core-js": {
      "version": "1.2.7",
      "resolved": "https://registry.npmjs.org/core-js/-/core-js-1.2.7.tgz",
      "integrity": "sha1-ZSKUwUZR2yj6k70tX/KYOk8IxjY="
    },
    "css-box-model": {
      "version": "1.2.0",
      "resolved": "https://registry.npmjs.org/css-box-model/-/css-box-model-1.2.0.tgz",
      "integrity": "sha512-lri0br+jSNV0kkkiGEp9y9y3Njq2PmpqbeGWRFQJuZteZzY9iC9GZhQ8Y4WpPwM/2YocjHePxy14igJY7YKzkA==",
      "requires": {
        "tiny-invariant": "^1.0.6"
      }
    },
    "css-vendor": {
      "version": "2.0.7",
      "resolved": "https://registry.npmjs.org/css-vendor/-/css-vendor-2.0.7.tgz",
      "integrity": "sha512-VS9Rjt79+p7M0WkPqcAza4Yq1ZHrsHrwf7hPL/bjQB+c1lwmAI+1FXxYTYt818D/50fFVflw0XKleiBN5RITkg==",
      "requires": {
        "@babel/runtime": "^7.6.2",
        "is-in-browser": "^1.0.2"
      }
    },
    "csstype": {
      "version": "2.6.8",
      "resolved": "https://registry.npmjs.org/csstype/-/csstype-2.6.8.tgz",
      "integrity": "sha512-msVS9qTuMT5zwAGCVm4mxfrZ18BNc6Csd0oJAtiFMZ1FAx1CCvy2+5MDmYoix63LM/6NDbNtodCiGYGmFgO0dA=="
    },
    "date-fns": {
      "version": "2.8.1",
      "resolved": "https://registry.npmjs.org/date-fns/-/date-fns-2.8.1.tgz",
      "integrity": "sha512-EL/C8IHvYRwAHYgFRse4MGAPSqlJVlOrhVYZ75iQBKrnv+ZedmYsgwH3t+BCDuZDXpoo07+q9j4qgSSOa7irJg=="
    },
    "debounce": {
      "version": "1.2.0",
      "resolved": "https://registry.npmjs.org/debounce/-/debounce-1.2.0.tgz",
      "integrity": "sha512-mYtLl1xfZLi1m4RtQYlZgJUNQjl4ZxVnHzIR8nLLgi4q1YT8o/WM+MK/f8yfcc9s5Ir5zRaPZyZU6xs1Syoocg=="
    },
    "deepmerge": {
      "version": "3.3.0",
      "resolved": "https://registry.npmjs.org/deepmerge/-/deepmerge-3.3.0.tgz",
      "integrity": "sha512-GRQOafGHwMHpjPx9iCvTgpu9NojZ49q794EEL94JVEw6VaeA8XTUyBKvAkOOjBX9oJNiV6G3P+T+tihFjo2TqA=="
    },
    "dom-helpers": {
      "version": "5.1.3",
      "resolved": "https://registry.npmjs.org/dom-helpers/-/dom-helpers-5.1.3.tgz",
      "integrity": "sha512-nZD1OtwfWGRBWlpANxacBEZrEuLa16o1nh7YopFWeoF68Zt8GGEmzHu6Xv4F3XaFIC+YXtTLrzgqKxFgLEe4jw==",
      "requires": {
        "@babel/runtime": "^7.6.3",
        "csstype": "^2.6.7"
      }
    },
    "encoding": {
      "version": "0.1.12",
      "resolved": "https://registry.npmjs.org/encoding/-/encoding-0.1.12.tgz",
      "integrity": "sha1-U4tm8+5izRq1HsMjgp0flIDHS+s=",
      "requires": {
        "iconv-lite": "~0.4.13"
      }
    },
    "fbjs": {
      "version": "0.8.17",
      "resolved": "https://registry.npmjs.org/fbjs/-/fbjs-0.8.17.tgz",
      "integrity": "sha1-xNWY6taUkRJlPWWIsBpc3Nn5D90=",
      "requires": {
        "core-js": "^1.0.0",
        "isomorphic-fetch": "^2.1.1",
        "loose-envify": "^1.0.0",
        "object-assign": "^4.1.0",
        "promise": "^7.1.1",
        "setimmediate": "^1.0.5",
        "ua-parser-js": "^0.7.18"
      }
    },
    "filefy": {
      "version": "0.1.9",
      "resolved": "https://registry.npmjs.org/filefy/-/filefy-0.1.9.tgz",
      "integrity": "sha512-M+9HcR+Hu0LTh5qYTHRnmA2dm+WBHCG6WU+Biw/84RamiV41DzEArSLockUQ0qCSV1fJI0BoCpnniVG/Ch5tMw=="
    },
    "fuse.js": {
      "version": "3.4.6",
      "resolved": "https://registry.npmjs.org/fuse.js/-/fuse.js-3.4.6.tgz",
      "integrity": "sha512-H6aJY4UpLFwxj1+5nAvufom5b2BT2v45P1MkPvdGIK8fWjQx/7o6tTT1+ALV0yawQvbmvCF0ufl2et8eJ7v7Cg=="
    },
    "hoist-non-react-statics": {
      "version": "3.3.1",
      "resolved": "https://registry.npmjs.org/hoist-non-react-statics/-/hoist-non-react-statics-3.3.1.tgz",
      "integrity": "sha512-wbg3bpgA/ZqWrZuMOeJi8+SKMhr7X9TesL/rXMjTzh0p0JUBo3II8DHboYbuIXWRlttrUFxwcu/5kygrCw8fJw==",
      "requires": {
        "react-is": "^16.7.0"
      }
    },
    "hyphenate-style-name": {
      "version": "1.0.3",
      "resolved": "https://registry.npmjs.org/hyphenate-style-name/-/hyphenate-style-name-1.0.3.tgz",
      "integrity": "sha512-EcuixamT82oplpoJ2XU4pDtKGWQ7b00CD9f1ug9IaQ3p1bkHMiKCZ9ut9QDI6qsa6cpUuB+A/I+zLtdNK4n2DQ=="
    },
    "iconv-lite": {
      "version": "0.4.24",
      "resolved": "https://registry.npmjs.org/iconv-lite/-/iconv-lite-0.4.24.tgz",
      "integrity": "sha512-v3MXnZAcvnywkTUEZomIActle7RXXeedOR31wwl7VlyoXO4Qi9arvSenNQWne1TcRwhCL1HwLI21bEqdpj8/rA==",
      "requires": {
        "safer-buffer": ">= 2.1.2 < 3"
      }
    },
    "indefinite-observable": {
      "version": "1.0.2",
      "resolved": "https://registry.npmjs.org/indefinite-observable/-/indefinite-observable-1.0.2.tgz",
      "integrity": "sha512-Mps0898zEduHyPhb7UCgNmfzlqNZknVmaFz5qzr0mm04YQ5FGLhAyK/dJ+NaRxGyR6juQXIxh5Ev0xx+qq0nYA==",
      "requires": {
        "symbol-observable": "1.2.0"
      }
    },
    "invariant": {
      "version": "2.2.4",
      "resolved": "https://registry.npmjs.org/invariant/-/invariant-2.2.4.tgz",
      "integrity": "sha512-phJfQVBuaJM5raOpJjSfkiD6BpbCE4Ns//LaXl6wGYtUBY83nWS6Rf9tXm2e8VaK60JEjYldbPif/A2B1C2gNA==",
      "requires": {
        "loose-envify": "^1.0.0"
      }
    },
    "is-in-browser": {
      "version": "1.1.3",
      "resolved": "https://registry.npmjs.org/is-in-browser/-/is-in-browser-1.1.3.tgz",
      "integrity": "sha1-Vv9NtoOgeMYILrldrX3GLh0E+DU="
    },
    "is-plain-object": {
      "version": "2.0.4",
      "resolved": "https://registry.npmjs.org/is-plain-object/-/is-plain-object-2.0.4.tgz",
      "integrity": "sha512-h5PpgXkWitc38BBMYawTYMWJHFZJVnBquFE57xFpjB8pJFiF6gZ+bU+WyI/yqXiFR5mdLsgYNaPe8uao6Uv9Og==",
      "requires": {
        "isobject": "^3.0.1"
      }
    },
    "is-stream": {
      "version": "1.1.0",
      "resolved": "https://registry.npmjs.org/is-stream/-/is-stream-1.1.0.tgz",
      "integrity": "sha1-EtSj3U5o4Lec6428hBc66A2RykQ="
    },
    "isobject": {
      "version": "3.0.1",
      "resolved": "https://registry.npmjs.org/isobject/-/isobject-3.0.1.tgz",
      "integrity": "sha1-TkMekrEalzFjaqH5yNHMvP2reN8="
    },
    "isomorphic-fetch": {
      "version": "2.2.1",
      "resolved": "https://registry.npmjs.org/isomorphic-fetch/-/isomorphic-fetch-2.2.1.tgz",
      "integrity": "sha1-YRrhrPFPXoH3KVB0coGf6XM1WKk=",
      "requires": {
        "node-fetch": "^1.0.1",
        "whatwg-fetch": ">=0.10.0"
      }
    },
    "js-tokens": {
      "version": "4.0.0",
      "resolved": "https://registry.npmjs.org/js-tokens/-/js-tokens-4.0.0.tgz",
      "integrity": "sha512-RdJUflcE3cUzKiMqQgsCu06FPu9UdIJO0beYbPhHN4k6apgJtifcoCtT9bcxOpYBtpD2kCM6Sbzg4CausW/PKQ=="
    },
    "jss": {
      "version": "10.0.0",
      "resolved": "https://registry.npmjs.org/jss/-/jss-10.0.0.tgz",
      "integrity": "sha512-TPpDFsiBjuERiL+dFDq8QCdiF9oDasPcNqCKLGCo/qED3fNYOQ8PX2lZhknyTiAt3tZrfOFbb0lbQ9lTjPZxsQ==",
      "requires": {
        "@babel/runtime": "^7.3.1",
        "csstype": "^2.6.5",
        "is-in-browser": "^1.1.3",
        "tiny-warning": "^1.0.2"
      }
    },
    "jss-camel-case": {
      "version": "6.1.0",
      "resolved": "https://registry.npmjs.org/jss-camel-case/-/jss-camel-case-6.1.0.tgz",
      "integrity": "sha512-HPF2Q7wmNW1t79mCqSeU2vdd/vFFGpkazwvfHMOhPlMgXrJDzdj9viA2SaHk9ZbD5pfL63a8ylp4++irYbbzMQ==",
      "requires": {
        "hyphenate-style-name": "^1.0.2"
      }
    },
    "jss-default-unit": {
      "version": "8.0.2",
      "resolved": "https://registry.npmjs.org/jss-default-unit/-/jss-default-unit-8.0.2.tgz",
      "integrity": "sha512-WxNHrF/18CdoAGw2H0FqOEvJdREXVXLazn7PQYU7V6/BWkCV0GkmWsppNiExdw8dP4TU1ma1dT9zBNJ95feLmg=="
    },
    "jss-global": {
      "version": "3.0.0",
      "resolved": "https://registry.npmjs.org/jss-global/-/jss-global-3.0.0.tgz",
      "integrity": "sha512-wxYn7vL+TImyQYGAfdplg7yaxnPQ9RaXY/cIA8hawaVnmmWxDHzBK32u1y+RAvWboa3lW83ya3nVZ/C+jyjZ5Q=="
    },
    "jss-nested": {
      "version": "6.0.1",
      "resolved": "https://registry.npmjs.org/jss-nested/-/jss-nested-6.0.1.tgz",
      "integrity": "sha512-rn964TralHOZxoyEgeq3hXY8hyuCElnvQoVrQwKHVmu55VRDd6IqExAx9be5HgK0yN/+hQdgAXQl/GUrBbbSTA==",
      "requires": {
        "warning": "^3.0.0"
      },
      "dependencies": {
        "warning": {
          "version": "3.0.0",
          "resolved": "https://registry.npmjs.org/warning/-/warning-3.0.0.tgz",
          "integrity": "sha1-MuU3fLVy3kqwR1O9+IIcAe1gW3w=",
          "requires": {
            "loose-envify": "^1.0.0"
          }
        }
      }
    },
    "jss-plugin-camel-case": {
      "version": "10.0.0",
      "resolved": "https://registry.npmjs.org/jss-plugin-camel-case/-/jss-plugin-camel-case-10.0.0.tgz",
      "integrity": "sha512-yALDL00+pPR4FJh+k07A8FeDvfoPPuXU48HLy63enAubcVd3DnS+2rgqPXglHDGixIDVkCSXecl/l5GAMjzIbA==",
      "requires": {
        "@babel/runtime": "^7.3.1",
        "hyphenate-style-name": "^1.0.3",
        "jss": "10.0.0"
      }
    },
    "jss-plugin-default-unit": {
      "version": "10.0.0",
      "resolved": "https://registry.npmjs.org/jss-plugin-default-unit/-/jss-plugin-default-unit-10.0.0.tgz",
      "integrity": "sha512-sURozIOdCtGg9ap18erQ+ijndAfEGtTaetxfU3H4qwC18Bi+fdvjlY/ahKbuu0ASs7R/+WKCP7UaRZOjUDMcdQ==",
      "requires": {
        "@babel/runtime": "^7.3.1",
        "jss": "10.0.0"
      }
    },
    "jss-plugin-global": {
      "version": "10.0.0",
      "resolved": "https://registry.npmjs.org/jss-plugin-global/-/jss-plugin-global-10.0.0.tgz",
      "integrity": "sha512-80ofWKSQUo62bxLtRoTNe0kFPtHgUbAJeOeR36WEGgWIBEsXLyXOnD5KNnjPqG4heuEkz9eSLccjYST50JnI7Q==",
      "requires": {
        "@babel/runtime": "^7.3.1",
        "jss": "10.0.0"
      }
    },
    "jss-plugin-nested": {
      "version": "10.0.0",
      "resolved": "https://registry.npmjs.org/jss-plugin-nested/-/jss-plugin-nested-10.0.0.tgz",
      "integrity": "sha512-waxxwl/po1hN3azTyixKnr8ReEqUv5WK7WsO+5AWB0bFndML5Yqnt8ARZ90HEg8/P6WlqE/AB2413TkCRZE8bA==",
      "requires": {
        "@babel/runtime": "^7.3.1",
        "jss": "10.0.0",
        "tiny-warning": "^1.0.2"
      }
    },
    "jss-plugin-props-sort": {
      "version": "10.0.0",
      "resolved": "https://registry.npmjs.org/jss-plugin-props-sort/-/jss-plugin-props-sort-10.0.0.tgz",
      "integrity": "sha512-41mf22CImjwNdtOG3r+cdC8+RhwNm616sjHx5YlqTwtSJLyLFinbQC/a4PIFk8xqf1qpFH1kEAIw+yx9HaqZ3g==",
      "requires": {
        "@babel/runtime": "^7.3.1",
        "jss": "10.0.0"
      }
    },
    "jss-plugin-rule-value-function": {
      "version": "10.0.0",
      "resolved": "https://registry.npmjs.org/jss-plugin-rule-value-function/-/jss-plugin-rule-value-function-10.0.0.tgz",
      "integrity": "sha512-Jw+BZ8JIw1f12V0SERqGlBT1JEPWax3vuZpMym54NAXpPb7R1LYHiCTIlaJUyqvIfEy3kiHMtgI+r2whGgRIxQ==",
      "requires": {
        "@babel/runtime": "^7.3.1",
        "jss": "10.0.0"
      }
    },
    "jss-plugin-vendor-prefixer": {
      "version": "10.0.0",
      "resolved": "https://registry.npmjs.org/jss-plugin-vendor-prefixer/-/jss-plugin-vendor-prefixer-10.0.0.tgz",
      "integrity": "sha512-qslqvL0MUbWuzXJWdUxpj6mdNUX8jr4FFTo3aZnAT65nmzWL7g8oTr9ZxmTXXgdp7ANhS1QWE7036/Q2isFBpw==",
      "requires": {
        "@babel/runtime": "^7.3.1",
        "css-vendor": "^2.0.6",
        "jss": "10.0.0"
      }
    },
    "jss-props-sort": {
      "version": "6.0.0",
      "resolved": "https://registry.npmjs.org/jss-props-sort/-/jss-props-sort-6.0.0.tgz",
      "integrity": "sha512-E89UDcrphmI0LzmvYk25Hp4aE5ZBsXqMWlkFXS0EtPkunJkRr+WXdCNYbXbksIPnKlBenGB9OxzQY+mVc70S+g=="
    },
    "jss-vendor-prefixer": {
      "version": "7.0.0",
      "resolved": "https://registry.npmjs.org/jss-vendor-prefixer/-/jss-vendor-prefixer-7.0.0.tgz",
      "integrity": "sha512-Agd+FKmvsI0HLcYXkvy8GYOw3AAASBUpsmIRvVQheps+JWaN892uFOInTr0DRydwaD91vSSUCU4NssschvF7MA==",
      "requires": {
        "css-vendor": "^0.3.8"
      },
      "dependencies": {
        "css-vendor": {
          "version": "0.3.8",
          "resolved": "https://registry.npmjs.org/css-vendor/-/css-vendor-0.3.8.tgz",
          "integrity": "sha1-ZCHP0wNM5mT+dnOXL9ARn8KJQfo=",
          "requires": {
            "is-in-browser": "^1.0.2"
          }
        }
      }
    },
    "loose-envify": {
      "version": "1.4.0",
      "resolved": "https://registry.npmjs.org/loose-envify/-/loose-envify-1.4.0.tgz",
      "integrity": "sha512-lyuxPGr/Wfhrlem2CL/UcnUc1zcqKAImBDzukY7Y5F/yQiNdko6+fRLevlw1HgMySw7f611UIY408EtxRSoK3Q==",
      "requires": {
        "js-tokens": "^3.0.0 || ^4.0.0"
      }
    },
    "material-table": {
      "version": "1.36.0",
      "resolved": "https://registry.npmjs.org/material-table/-/material-table-1.36.0.tgz",
      "integrity": "sha512-WgdYOdIYbXT4N14IiP19QuELOGKklrg0FmrPMsisrbQ9AqCnV0xi2na6wMpOCbEd22td5uiA17eVqwUZeDfQfg==",
      "requires": {
        "@date-io/date-fns": "^1.1.0",
        "@material-ui/core": "^3.9.3",
        "classnames": "^2.2.6",
        "date-fns": "^2.0.0-alpha.27",
        "debounce": "^1.2.0",
        "filefy": "0.1.9",
        "material-ui-pickers": "2.2.4",
        "prop-types": "^15.6.2",
        "react-beautiful-dnd": "10.0.4",
        "react-double-scrollbar": "0.0.15"
      },
      "dependencies": {
        "@material-ui/core": {
          "version": "3.9.4",
          "resolved": "https://registry.npmjs.org/@material-ui/core/-/core-3.9.4.tgz",
          "integrity": "sha512-r8QFLSexcYZbnqy/Hn4v8xzmAJV41yaodUVjmbGLi1iGDLG3+W941hEtEiBmxTRRqv2BdK3r4ijILcqKmDv/Sw==",
          "requires": {
            "@babel/runtime": "^7.2.0",
            "@material-ui/system": "^3.0.0-alpha.0",
            "@material-ui/utils": "^3.0.0-alpha.2",
            "@types/jss": "^9.5.6",
            "@types/react-transition-group": "^2.0.8",
            "brcast": "^3.0.1",
            "classnames": "^2.2.5",
            "csstype": "^2.5.2",
            "debounce": "^1.1.0",
            "deepmerge": "^3.0.0",
            "dom-helpers": "^3.2.1",
            "hoist-non-react-statics": "^3.2.1",
            "is-plain-object": "^2.0.4",
            "jss": "^9.8.7",
            "jss-camel-case": "^6.0.0",
            "jss-default-unit": "^8.0.2",
            "jss-global": "^3.0.0",
            "jss-nested": "^6.0.1",
            "jss-props-sort": "^6.0.0",
            "jss-vendor-prefixer": "^7.0.0",
            "normalize-scroll-left": "^0.1.2",
            "popper.js": "^1.14.1",
            "prop-types": "^15.6.0",
            "react-event-listener": "^0.6.2",
            "react-transition-group": "^2.2.1",
            "recompose": "0.28.0 - 0.30.0",
            "warning": "^4.0.1"
          }
        },
        "@material-ui/system": {
          "version": "3.0.0-alpha.2",
          "resolved": "https://registry.npmjs.org/@material-ui/system/-/system-3.0.0-alpha.2.tgz",
          "integrity": "sha512-odmxQ0peKpP7RQBQ8koly06YhsPzcoVib1vByVPBH4QhwqBXuYoqlCjt02846fYspAqkrWzjxnWUD311EBbxOA==",
          "requires": {
            "@babel/runtime": "^7.2.0",
            "deepmerge": "^3.0.0",
            "prop-types": "^15.6.0",
            "warning": "^4.0.1"
          }
        },
        "@material-ui/utils": {
          "version": "3.0.0-alpha.3",
          "resolved": "https://registry.npmjs.org/@material-ui/utils/-/utils-3.0.0-alpha.3.tgz",
          "integrity": "sha512-rwMdMZptX0DivkqBuC+Jdq7BYTXwqKai5G5ejPpuEDKpWzi1Oxp+LygGw329FrKpuKeiqpcymlqJTjmy+quWng==",
          "requires": {
            "@babel/runtime": "^7.2.0",
            "prop-types": "^15.6.0",
            "react-is": "^16.6.3"
          }
        },
        "@types/react-transition-group": {
          "version": "2.9.2",
          "resolved": "https://registry.npmjs.org/@types/react-transition-group/-/react-transition-group-2.9.2.tgz",
          "integrity": "sha512-5Fv2DQNO+GpdPZcxp2x/OQG/H19A01WlmpjVD9cKvVFmoVLOZ9LvBgSWG6pSXIU4og5fgbvGPaCV5+VGkWAEHA==",
          "requires": {
            "@types/react": "*"
          }
        },
        "dom-helpers": {
          "version": "3.4.0",
          "resolved": "https://registry.npmjs.org/dom-helpers/-/dom-helpers-3.4.0.tgz",
          "integrity": "sha512-LnuPJ+dwqKDIyotW1VzmOZ5TONUN7CwkCR5hrgawTUbkBGYdeoNLZo6nNfGkCrjtE1nXXaj7iMMpDa8/d9WoIA==",
          "requires": {
            "@babel/runtime": "^7.1.2"
          }
        },
        "jss": {
          "version": "9.8.7",
          "resolved": "https://registry.npmjs.org/jss/-/jss-9.8.7.tgz",
          "integrity": "sha512-awj3XRZYxbrmmrx9LUSj5pXSUfm12m8xzi/VKeqI1ZwWBtQ0kVPTs3vYs32t4rFw83CgFDukA8wKzOE9sMQnoQ==",
          "requires": {
            "is-in-browser": "^1.1.3",
            "symbol-observable": "^1.1.0",
            "warning": "^3.0.0"
          },
          "dependencies": {
            "warning": {
              "version": "3.0.0",
              "resolved": "https://registry.npmjs.org/warning/-/warning-3.0.0.tgz",
              "integrity": "sha1-MuU3fLVy3kqwR1O9+IIcAe1gW3w=",
              "requires": {
                "loose-envify": "^1.0.0"
              }
            }
          }
        },
        "normalize-scroll-left": {
          "version": "0.1.2",
          "resolved": "https://registry.npmjs.org/normalize-scroll-left/-/normalize-scroll-left-0.1.2.tgz",
          "integrity": "sha512-F9YMRls0zCF6BFIE2YnXDRpHPpfd91nOIaNdDgrx5YMoPLo8Wqj+6jNXHQsYBavJeXP4ww8HCt0xQAKc5qk2Fg=="
        },
        "react-transition-group": {
          "version": "2.9.0",
          "resolved": "https://registry.npmjs.org/react-transition-group/-/react-transition-group-2.9.0.tgz",
          "integrity": "sha512-+HzNTCHpeQyl4MJ/bdE0u6XRMe9+XG/+aL4mCxVN4DnPBQ0/5bfHWPDuOZUzYdMj94daZaZdCCc1Dzt9R/xSSg==",
          "requires": {
            "dom-helpers": "^3.4.0",
            "loose-envify": "^1.4.0",
            "prop-types": "^15.6.2",
            "react-lifecycles-compat": "^3.0.4"
          }
        }
      }
    },
    "material-ui-pickers": {
      "version": "2.2.4",
      "resolved": "https://registry.npmjs.org/material-ui-pickers/-/material-ui-pickers-2.2.4.tgz",
      "integrity": "sha512-QCQh08Ylmnt+o4laW+rPs92QRAcESv3sPXl50YadLm++rAZAXAOh3K8lreGdynCMYFgZfdyu81Oz9xzTlAZNfw==",
      "requires": {
        "@types/react-text-mask": "^5.4.3",
        "clsx": "^1.0.2",
        "react-event-listener": "^0.6.6",
        "react-text-mask": "^5.4.3",
        "react-transition-group": "^2.5.3",
        "tslib": "^1.9.3"
      },
      "dependencies": {
        "dom-helpers": {
          "version": "3.4.0",
          "resolved": "https://registry.npmjs.org/dom-helpers/-/dom-helpers-3.4.0.tgz",
          "integrity": "sha512-LnuPJ+dwqKDIyotW1VzmOZ5TONUN7CwkCR5hrgawTUbkBGYdeoNLZo6nNfGkCrjtE1nXXaj7iMMpDa8/d9WoIA==",
          "requires": {
            "@babel/runtime": "^7.1.2"
          }
        },
        "react-transition-group": {
          "version": "2.9.0",
          "resolved": "https://registry.npmjs.org/react-transition-group/-/react-transition-group-2.9.0.tgz",
          "integrity": "sha512-+HzNTCHpeQyl4MJ/bdE0u6XRMe9+XG/+aL4mCxVN4DnPBQ0/5bfHWPDuOZUzYdMj94daZaZdCCc1Dzt9R/xSSg==",
          "requires": {
            "dom-helpers": "^3.4.0",
            "loose-envify": "^1.4.0",
            "prop-types": "^15.6.2",
            "react-lifecycles-compat": "^3.0.4"
          }
        }
      }
    },
    "memoize-one": {
      "version": "5.1.1",
      "resolved": "https://registry.npmjs.org/memoize-one/-/memoize-one-5.1.1.tgz",
      "integrity": "sha512-HKeeBpWvqiVJD57ZUAsJNm71eHTykffzcLZVYWiVfQeI1rJtuEaS7hQiEpWfVVk18donPwJEcFKIkCmPJNOhHA=="
    },
    "node-fetch": {
      "version": "1.7.3",
      "resolved": "https://registry.npmjs.org/node-fetch/-/node-fetch-1.7.3.tgz",
      "integrity": "sha512-NhZ4CsKx7cYm2vSrBAr2PvFOe6sWDf0UYLRqA6svUYg7+/TSfVAu49jYC4BvQ4Sms9SZgdqGBgroqfDhJdTyKQ==",
      "requires": {
        "encoding": "^0.1.11",
        "is-stream": "^1.0.1"
      }
    },
    "normalize-scroll-left": {
      "version": "0.2.0",
      "resolved": "https://registry.npmjs.org/normalize-scroll-left/-/normalize-scroll-left-0.2.0.tgz",
      "integrity": "sha512-t5oCENZJl8TGusJKoCJm7+asaSsPuNmK6+iEjrZ5TyBj2f02brCRsd4c83hwtu+e5d4LCSBZ0uoDlMjBo+A8yA=="
    },
    "object-assign": {
      "version": "4.1.1",
      "resolved": "https://registry.npmjs.org/object-assign/-/object-assign-4.1.1.tgz",
      "integrity": "sha1-IQmtx5ZYh8/AXLvUQsrIv7s2CGM="
    },
    "popper.js": {
      "version": "1.16.0",
      "resolved": "https://registry.npmjs.org/popper.js/-/popper.js-1.16.0.tgz",
      "integrity": "sha512-+G+EkOPoE5S/zChTpmBSSDYmhXJ5PsW8eMhH8cP/CQHMFPBG/kC9Y5IIw6qNYgdJ+/COf0ddY2li28iHaZRSjw=="
    },
    "promise": {
      "version": "7.3.1",
      "resolved": "https://registry.npmjs.org/promise/-/promise-7.3.1.tgz",
      "integrity": "sha512-nolQXZ/4L+bP/UGlkfaIujX9BKxGwmQ9OT4mOt5yvy8iK1h3wqTEJCijzGANTCCl9nWjY41juyAn2K3Q1hLLTg==",
      "requires": {
        "asap": "~2.0.3"
      }
    },
    "prop-types": {
      "version": "15.7.2",
      "resolved": "https://registry.npmjs.org/prop-types/-/prop-types-15.7.2.tgz",
      "integrity": "sha512-8QQikdH7//R2vurIJSutZ1smHYTcLpRWEOlHnzcWHmBYrOGUysKwSsrC89BCiFj3CbrfJ/nXFdJepOVrY1GCHQ==",
      "requires": {
        "loose-envify": "^1.4.0",
        "object-assign": "^4.1.1",
        "react-is": "^16.8.1"
      }
    },
    "raf-schd": {
      "version": "4.0.2",
      "resolved": "https://registry.npmjs.org/raf-schd/-/raf-schd-4.0.2.tgz",
      "integrity": "sha512-VhlMZmGy6A6hrkJWHLNTGl5gtgMUm+xfGza6wbwnE914yeQ5Ybm18vgM734RZhMgfw4tacUrWseGZlpUrrakEQ=="
    },
    "react": {
      "version": "16.12.0",
      "resolved": "https://registry.npmjs.org/react/-/react-16.12.0.tgz",
      "integrity": "sha512-fglqy3k5E+81pA8s+7K0/T3DBCF0ZDOher1elBFzF7O6arXJgzyu/FW+COxFvAWXJoJN9KIZbT2LXlukwphYTA==",
      "requires": {
        "loose-envify": "^1.1.0",
        "object-assign": "^4.1.1",
        "prop-types": "^15.6.2"
      }
    },
    "react-beautiful-dnd": {
      "version": "10.0.4",
      "resolved": "https://registry.npmjs.org/react-beautiful-dnd/-/react-beautiful-dnd-10.0.4.tgz",
      "integrity": "sha512-j2Ra/mW48tXz1Mk6bNBuiENpRBt8wQcPbJgHSswmLDonUE8JPwVikaONoMavdowoMKQJoOJ9IwPTo82d/8aKKg==",
      "requires": {
        "@babel/runtime-corejs2": "^7.3.0",
        "css-box-model": "^1.1.1",
        "memoize-one": "^5.0.0",
        "prop-types": "^15.6.1",
        "raf-schd": "^4.0.0",
        "react-redux": "^5.0.7",
        "redux": "^4.0.1",
        "tiny-invariant": "^1.0.3"
      }
    },
    "react-circular-progressbar": {
      "version": "2.0.3",
      "resolved": "https://registry.npmjs.org/react-circular-progressbar/-/react-circular-progressbar-2.0.3.tgz",
      "integrity": "sha512-YKN+xAShXA3gYihevbQZbavfiJxo83Dt1cUxqg/cltj4VVsRQpDr7Fg1mvjDG3x1KHGtd9NmYKvJ2mMrPwbKyw=="
    },
    "react-copy-to-clipboard": {
      "version": "5.0.2",
      "resolved": "https://registry.npmjs.org/react-copy-to-clipboard/-/react-copy-to-clipboard-5.0.2.tgz",
      "integrity": "sha512-/2t5mLMMPuN5GmdXo6TebFa8IoFxZ+KTDDqYhcDm0PhkgEzSxVvIX26G20s1EB02A4h2UZgwtfymZ3lGJm0OLg==",
      "requires": {
        "copy-to-clipboard": "^3",
        "prop-types": "^15.5.8"
      }
    },
    "react-dom": {
      "version": "16.11.0",
      "resolved": "https://registry.npmjs.org/react-dom/-/react-dom-16.11.0.tgz",
      "integrity": "sha512-nrRyIUE1e7j8PaXSPtyRKtz+2y9ubW/ghNgqKFHHAHaeP0fpF5uXR+sq8IMRHC+ZUxw7W9NyCDTBtwWxvkb0iA==",
      "requires": {
        "loose-envify": "^1.1.0",
        "object-assign": "^4.1.1",
        "prop-types": "^15.6.2",
        "scheduler": "^0.17.0"
      }
    },
    "react-double-scrollbar": {
      "version": "0.0.15",
      "resolved": "https://registry.npmjs.org/react-double-scrollbar/-/react-double-scrollbar-0.0.15.tgz",
      "integrity": "sha1-6RWrjLO5WYdwdfSUNt6/2wQoj+Q="
    },
    "react-event-listener": {
      "version": "0.6.6",
      "resolved": "https://registry.npmjs.org/react-event-listener/-/react-event-listener-0.6.6.tgz",
      "integrity": "sha512-+hCNqfy7o9wvO6UgjqFmBzARJS7qrNoda0VqzvOuioEpoEXKutiKuv92dSz6kP7rYLmyHPyYNLesi5t/aH1gfw==",
      "requires": {
        "@babel/runtime": "^7.2.0",
        "prop-types": "^15.6.0",
        "warning": "^4.0.1"
      }
    },
    "react-is": {
      "version": "16.12.0",
      "resolved": "https://registry.npmjs.org/react-is/-/react-is-16.12.0.tgz",
      "integrity": "sha512-rPCkf/mWBtKc97aLL9/txD8DZdemK0vkA3JMLShjlJB3Pj3s+lpf1KaBzMfQrAmhMQB0n1cU/SUGgKKBCe837Q=="
    },
    "react-lifecycles-compat": {
      "version": "3.0.4",
      "resolved": "https://registry.npmjs.org/react-lifecycles-compat/-/react-lifecycles-compat-3.0.4.tgz",
      "integrity": "sha512-fBASbA6LnOU9dOU2eW7aQ8xmYBSXUIWr+UmF9b1efZBazGNO+rcXT/icdKnYm2pTwcRylVUYwW7H1PHfLekVzA=="
    },
    "react-onclickoutside": {
      "version": "6.9.0",
      "resolved": "https://registry.npmjs.org/react-onclickoutside/-/react-onclickoutside-6.9.0.tgz",
      "integrity": "sha512-8ltIY3bC7oGhj2nPAvWOGi+xGFybPNhJM0V1H8hY/whNcXgmDeaeoCMPPd8VatrpTsUWjb/vGzrmu6SrXVty3A=="
    },
    "react-redux": {
      "version": "5.1.2",
      "resolved": "https://registry.npmjs.org/react-redux/-/react-redux-5.1.2.tgz",
      "integrity": "sha512-Ns1G0XXc8hDyH/OcBHOxNgQx9ayH3SPxBnFCOidGKSle8pKihysQw2rG/PmciUQRoclhVBO8HMhiRmGXnDja9Q==",
      "requires": {
        "@babel/runtime": "^7.1.2",
        "hoist-non-react-statics": "^3.3.0",
        "invariant": "^2.2.4",
        "loose-envify": "^1.1.0",
        "prop-types": "^15.6.1",
        "react-is": "^16.6.0",
        "react-lifecycles-compat": "^3.0.0"
      }
    },
    "react-select-search": {
      "version": "0.10.1",
      "resolved": "https://registry.npmjs.org/react-select-search/-/react-select-search-0.10.1.tgz",
      "integrity": "sha512-/WojL85ydZqbJCLR8rvKRQD2mfKHQ7IZgJPzgz7sSL6wqFzWj8u6WWZW/O5nck2cEwqNZAEtcBpRL2I4q+PkUA==",
      "requires": {
        "fuse.js": "^3.2.0",
        "react-onclickoutside": "^6.7.1"
      }
    },
    "react-text-mask": {
      "version": "5.4.3",
      "resolved": "https://registry.npmjs.org/react-text-mask/-/react-text-mask-5.4.3.tgz",
      "integrity": "sha1-mR77QpnjDC5sLEbRP2FxaUY+DS0=",
      "requires": {
        "prop-types": "^15.5.6"
      }
    },
    "react-toggle-switch": {
      "version": "3.0.4",
      "resolved": "https://registry.npmjs.org/react-toggle-switch/-/react-toggle-switch-3.0.4.tgz",
      "integrity": "sha512-eM2Izl0qNrdFZlmRwpXPpUjaYVISHVy8dxCN9l6eRZ7KpmrDsIGInDpoSRU2QPs596+Al+udOArdXX5wCRg0Gg=="
    },
    "react-transition-group": {
      "version": "4.3.0",
      "resolved": "https://registry.npmjs.org/react-transition-group/-/react-transition-group-4.3.0.tgz",
      "integrity": "sha512-1qRV1ZuVSdxPlPf4O8t7inxUGpdyO5zG9IoNfJxSO0ImU2A1YWkEQvFPuIPZmMLkg5hYs7vv5mMOyfgSkvAwvw==",
      "requires": {
        "@babel/runtime": "^7.5.5",
        "dom-helpers": "^5.0.1",
        "loose-envify": "^1.4.0",
        "prop-types": "^15.6.2"
      }
    },
    "recompose": {
      "version": "0.30.0",
      "resolved": "https://registry.npmjs.org/recompose/-/recompose-0.30.0.tgz",
      "integrity": "sha512-ZTrzzUDa9AqUIhRk4KmVFihH0rapdCSMFXjhHbNrjAWxBuUD/guYlyysMnuHjlZC/KRiOKRtB4jf96yYSkKE8w==",
      "requires": {
        "@babel/runtime": "^7.0.0",
        "change-emitter": "^0.1.2",
        "fbjs": "^0.8.1",
        "hoist-non-react-statics": "^2.3.1",
        "react-lifecycles-compat": "^3.0.2",
        "symbol-observable": "^1.0.4"
      },
      "dependencies": {
        "hoist-non-react-statics": {
          "version": "2.5.5",
          "resolved": "https://registry.npmjs.org/hoist-non-react-statics/-/hoist-non-react-statics-2.5.5.tgz",
          "integrity": "sha512-rqcy4pJo55FTTLWt+bU8ukscqHeE/e9KWvsOW2b/a3afxQZhwkQdT1rPPCJ0rYXdj4vNcasY8zHTH+jF/qStxw=="
        }
      }
    },
    "redux": {
      "version": "4.0.4",
      "resolved": "https://registry.npmjs.org/redux/-/redux-4.0.4.tgz",
      "integrity": "sha512-vKv4WdiJxOWKxK0yRoaK3Y4pxxB0ilzVx6dszU2W8wLxlb2yikRph4iV/ymtdJ6ZxpBLFbyrxklnT5yBbQSl3Q==",
      "requires": {
        "loose-envify": "^1.4.0",
        "symbol-observable": "^1.2.0"
      }
    },
    "regenerator-runtime": {
      "version": "0.13.3",
      "resolved": "https://registry.npmjs.org/regenerator-runtime/-/regenerator-runtime-0.13.3.tgz",
      "integrity": "sha512-naKIZz2GQ8JWh///G7L3X6LaQUAMp2lvb1rvwwsURe/VXwD6VMfr+/1NuNw3ag8v2kY1aQ/go5SNn79O9JU7yw=="
    },
    "safer-buffer": {
      "version": "2.1.2",
      "resolved": "https://registry.npmjs.org/safer-buffer/-/safer-buffer-2.1.2.tgz",
      "integrity": "sha512-YZo3K82SD7Riyi0E1EQPojLz7kpepnSQI9IyPbHHg1XXXevb5dJI7tpyN2ADxGcQbHG7vcyRHk0cbwqcQriUtg=="
    },
    "scheduler": {
      "version": "0.17.0",
      "resolved": "https://registry.npmjs.org/scheduler/-/scheduler-0.17.0.tgz",
      "integrity": "sha512-7rro8Io3tnCPuY4la/NuI5F2yfESpnfZyT6TtkXnSWVkcu0BCDJ+8gk5ozUaFaxpIyNuWAPXrH0yFcSi28fnDA==",
      "requires": {
        "loose-envify": "^1.1.0",
        "object-assign": "^4.1.1"
      }
    },
    "setimmediate": {
      "version": "1.0.5",
      "resolved": "https://registry.npmjs.org/setimmediate/-/setimmediate-1.0.5.tgz",
      "integrity": "sha1-KQy7Iy4waULX1+qbg3Mqt4VvgoU="
    },
    "symbol-observable": {
      "version": "1.2.0",
      "resolved": "https://registry.npmjs.org/symbol-observable/-/symbol-observable-1.2.0.tgz",
      "integrity": "sha512-e900nM8RRtGhlV36KGEU9k65K3mPb1WV70OdjfxlG2EAuM1noi/E/BaW/uMhL7bPEssK8QV57vN3esixjUvcXQ=="
    },
    "tiny-invariant": {
      "version": "1.0.6",
      "resolved": "https://registry.npmjs.org/tiny-invariant/-/tiny-invariant-1.0.6.tgz",
      "integrity": "sha512-FOyLWWVjG+aC0UqG76V53yAWdXfH8bO6FNmyZOuUrzDzK8DI3/JRY25UD7+g49JWM1LXwymsKERB+DzI0dTEQA=="
    },
    "tiny-warning": {
      "version": "1.0.3",
      "resolved": "https://registry.npmjs.org/tiny-warning/-/tiny-warning-1.0.3.tgz",
      "integrity": "sha512-lBN9zLN/oAf68o3zNXYrdCt1kP8WsiGW8Oo2ka41b2IM5JL/S1CTyX1rW0mb/zSuJun0ZUrDxx4sqvYS2FWzPA=="
    },
    "toggle-selection": {
      "version": "1.0.6",
      "resolved": "https://registry.npmjs.org/toggle-selection/-/toggle-selection-1.0.6.tgz",
      "integrity": "sha1-bkWxJj8gF/oKzH2J14sVuL932jI="
    },
    "tslib": {
      "version": "1.10.0",
      "resolved": "https://registry.npmjs.org/tslib/-/tslib-1.10.0.tgz",
      "integrity": "sha512-qOebF53frne81cf0S9B41ByenJ3/IuH8yJKngAX35CmiZySA0khhkovshKK+jGCaMnVomla7gVlIcc3EvKPbTQ=="
    },
    "ua-parser-js": {
      "version": "0.7.20",
      "resolved": "https://registry.npmjs.org/ua-parser-js/-/ua-parser-js-0.7.20.tgz",
      "integrity": "sha512-8OaIKfzL5cpx8eCMAhhvTlft8GYF8b2eQr6JkCyVdrgjcytyOmPCXrqXFcUnhonRpLlh5yxEZVohm6mzaowUOw=="
    },
    "warning": {
      "version": "4.0.3",
      "resolved": "https://registry.npmjs.org/warning/-/warning-4.0.3.tgz",
      "integrity": "sha512-rpJyN222KWIvHJ/F53XSZv0Zl/accqHR8et1kpaMTD/fLCRxtV8iX8czMzY7sVZupTI3zcUTg8eycS2kNF9l6w==",
      "requires": {
        "loose-envify": "^1.0.0"
      }
    },
    "whatwg-fetch": {
      "version": "3.0.0",
      "resolved": "https://registry.npmjs.org/whatwg-fetch/-/whatwg-fetch-3.0.0.tgz",
      "integrity": "sha512-9GSJUgz1D4MfyKU7KRqwOjXCXTqWdFNvEr7eUBYchQiVc744mqK/MzXPNR2WsPkmkOa4ywfg8C2n8h+13Bey1Q=="
    }
  }
}
